
Microsoft Visual Studio Solution File, Format Version 12.00
Project("{FAE04EC0-301F-11D3-BF4B-00C04F79EFBC}") = "KitchenDesigner", "ONe.KitchenDesigner\ONe.KitchenDesigner.csproj", "{FD5453CE-61BB-4C15-966B-A7E19179A5B8}"
EndProject
Global
	GlobalSection(SolutionConfigurationPlatforms) = preSolution
		Debug|Any CPU = Debug|Any CPU
		Release|Any CPU = Release|Any CPU
	EndGlobalSection
	GlobalSection(ProjectConfigurationPlatforms) = postSolution
		{FD5453CE-61BB-4C15-966B-A7E19179A5B8}.Debug|Any CPU.ActiveCfg = Debug|Any CPU
		{FD5453CE-61BB-4C15-966B-A7E19179A5B8}.Debug|Any CPU.Build.0 = Debug|Any CPU
		{FD5453CE-61BB-4C15-966B-A7E19179A5B8}.Release|Any CPU.ActiveCfg = Release|Any CPU
		{FD5453CE-61BB-4C15-966B-A7E19179A5B8}.Release|Any CPU.Build.0 = Release|Any CPU
	EndGlobalSection
EndGlobal
